// !$*UTF8*$!
{
	archiveVersion = 1;
	classes = {
	};
	objectVersion = 60;
	objects = {

/* Begin PBXBuildFile section */
		3D92BBE52B8C8A8E00B8E8E8 /* CampaignCreatorApp.swift in Sources */ = {isa = PBXBuildFile; fileRef = 3D92BBE42B8C8A8E00B8E8E8 /* CampaignCreatorApp.swift */; };
		3D92BBE72B8C8A8E00B8E8E8 /* ContentView.swift in Sources */ = {isa = PBXBuildFile; fileRef = 3D92BBE62B8C8A8E00B8E8E8 /* ContentView.swift */; };
		3D92BBEC2B8C8A8F00B8E8E8 /* Preview Assets.xcassets in Resources */ = {isa = PBXBuildFile; fileRef = 3D92BBEB2B8C8A8F00B8E8E8 /* Preview Assets.xcassets */; };
		3D92BBF42B8C8B0200B8E8E8 /* CampaignCreatorLib in Frameworks */ = {isa = PBXBuildFile; productRef = 3D92BBF32B8C8B0200B8E8E8 /* CampaignCreatorLib */; };
		3D92BBFA2B8C8D4C00B8E8E8 /* SettingsView.swift in Sources */ = {isa = PBXBuildFile; fileRef = 3D92BBF92B8C8D4C00B8E8E8 /* SettingsView.swift */; };
		9414ACC62E203A08005C0B17 /* CharacterMoodboardView.swift in Sources */ = {isa = PBXBuildFile; fileRef = 9414ACC52E203A08005C0B17 /* CharacterMoodboardView.swift */; };
		9414ACC72E203A08005C0B17 /* CampaignMoodboardView.swift in Sources */ = {isa = PBXBuildFile; fileRef = 9414ACC32E203A08005C0B17 /* CampaignMoodboardView.swift */; };
		9414ACC82E203A08005C0B17 /* CharacterImageManagerView.swift in Sources */ = {isa = PBXBuildFile; fileRef = 9414ACC42E203A08005C0B17 /* CharacterImageManagerView.swift */; };
		941C6F912E23092D00B6D6FD /* LLMModels.swift in Sources */ = {isa = PBXBuildFile; fileRef = 941C6F8F2E23092D00B6D6FD /* LLMModels.swift */; };
		941C6F922E23092D00B6D6FD /* StringUtils.swift in Sources */ = {isa = PBXBuildFile; fileRef = 941C6F902E23092D00B6D6FD /* StringUtils.swift */; };
		941C6F962E23094A00B6D6FD /* video2.mp4 in Resources */ = {isa = PBXBuildFile; fileRef = 941C6F932E23094A00B6D6FD /* video2.mp4 */; };
		941C6F972E23094A00B6D6FD /* video3.mp4 in Resources */ = {isa = PBXBuildFile; fileRef = 941C6F942E23094A00B6D6FD /* video3.mp4 */; };
		941C6F992E23095800B6D6FD /* video1.mp4 in Resources */ = {isa = PBXBuildFile; fileRef = 941C6F982E23095800B6D6FD /* video1.mp4 */; };
		941C6F9B2E23136100B6D6FD /* contents.json in Resources */ = {isa = PBXBuildFile; fileRef = 941C6F9A2E23136100B6D6FD /* contents.json */; };
		941C6F9E2E2317F700B6D6FD /* Assets.xcassets in Resources */ = {isa = PBXBuildFile; fileRef = 941C6F9D2E2317F700B6D6FD /* Assets.xcassets */; };
		941C6FF32E23925800B6D6FD /* CommonMoodBoardView.swift in Sources */ = {isa = PBXBuildFile; fileRef = 941C6FF02E23925800B6D6FD /* CommonMoodBoardView.swift */; };
		941C6FF42E23925800B6D6FD /* FullCharacterImageView.swift in Sources */ = {isa = PBXBuildFile; fileRef = 941C6FF12E23925800B6D6FD /* FullCharacterImageView.swift */; };
		941C6FF52E23925800B6D6FD /* FullCharacterImageViewWrapper.swift in Sources */ = {isa = PBXBuildFile; fileRef = 941C6FF22E23925800B6D6FD /* FullCharacterImageViewWrapper.swift */; };
		941C6FFB2E239BA200B6D6FD /* MemorySummaryView.swift in Sources */ = {isa = PBXBuildFile; fileRef = 941C6FFA2E239BA200B6D6FD /* MemorySummaryView.swift */; };
		943031812E1C8B1000F3C129 /* Binding+Helpers.swift in Sources */ = {isa = PBXBuildFile; fileRef = 9430317A2E1C8B1000F3C129 /* Binding+Helpers.swift */; };
		943031822E1C8B1000F3C129 /* CampaignThemeManager.swift in Sources */ = {isa = PBXBuildFile; fileRef = 9430317B2E1C8B1000F3C129 /* CampaignThemeManager.swift */; };
		943031832E1C8B1000F3C129 /* CustomTextView.swift in Sources */ = {isa = PBXBuildFile; fileRef = 9430317C2E1C8B1000F3C129 /* CustomTextView.swift */; };
		943031842E1C8B1000F3C129 /* FeatureService.swift in Sources */ = {isa = PBXBuildFile; fileRef = 9430317D2E1C8B1000F3C129 /* FeatureService.swift */; };
		943031852E1C8B1000F3C129 /* SnippetContextInputModal.swift in Sources */ = {isa = PBXBuildFile; fileRef = 9430317F2E1C8B1000F3C129 /* SnippetContextInputModal.swift */; };
		943031BB2E1DCAFF00F3C129 /* CampaignDetailView.swift in Sources */ = {isa = PBXBuildFile; fileRef = 943031BA2E1DCAFF00F3C129 /* CampaignDetailView.swift */; };
		943031BE2E1DCB0600F3C129 /* CharacterChatView.swift in Sources */ = {isa = PBXBuildFile; fileRef = 943031BD2E1DCB0600F3C129 /* CharacterChatView.swift */; };
		943031BF2E1DCB0600F3C129 /* CampaignEditView.swift in Sources */ = {isa = PBXBuildFile; fileRef = 943031BC2E1DCB0600F3C129 /* CampaignEditView.swift */; };
		943A92012E1EC4C40081BA3A /* CampaignLLMSettingsView.swift in Sources */ = {isa = PBXBuildFile; fileRef = 943A92002E1EC4C40081BA3A /* CampaignLLMSettingsView.swift */; };
		943A92022E1EC4C40081BA3A /* CampaignHeaderView.swift in Sources */ = {isa = PBXBuildFile; fileRef = 943A91FF2E1EC4C40081BA3A /* CampaignHeaderView.swift */; };
		943A92032E1EC4C40081BA3A /* CampaignConceptEditorView.swift in Sources */ = {isa = PBXBuildFile; fileRef = 943A91FE2E1EC4C40081BA3A /* CampaignConceptEditorView.swift */; };
		944C2C422E21C32F009FDCCB /* SelectBadgeFromMoodboardView.swift in Sources */ = {isa = PBXBuildFile; fileRef = 944C2C412E21C32F009FDCCB /* SelectBadgeFromMoodboardView.swift */; };
		944C2C432E21C32F009FDCCB /* AlertMessageItem.swift in Sources */ = {isa = PBXBuildFile; fileRef = 944C2C3F2E21C32F009FDCCB /* AlertMessageItem.swift */; };
		944C2C442E21C32F009FDCCB /* ImageUploadService.swift in Sources */ = {isa = PBXBuildFile; fileRef = 944C2C402E21C32F009FDCCB /* ImageUploadService.swift */; };
		944C2C472E21C345009FDCCB /* Kingfisher in Frameworks */ = {isa = PBXBuildFile; productRef = 944C2C462E21C345009FDCCB /* Kingfisher */; };
		9452737C2E2461C40042F819 /* Collection+Helpers.swift in Sources */ = {isa = PBXBuildFile; fileRef = 945273762E2461C40042F819 /* Collection+Helpers.swift */; };
		9452737D2E2461C40042F819 /* CharacterMoodboardViewModel.swift in Sources */ = {isa = PBXBuildFile; fileRef = 945273752E2461C40042F819 /* CharacterMoodboardViewModel.swift */; };
		945273802E2461C40042F819 /* ContentViewModel.swift in Sources */ = {isa = PBXBuildFile; fileRef = 945273782E2461C40042F819 /* ContentViewModel.swift */; };
		945273812E2461C40042F819 /* CampaignMoodboardViewModel.swift in Sources */ = {isa = PBXBuildFile; fileRef = 9452736E2E2461C40042F819 /* CampaignMoodboardViewModel.swift */; };
		945273842E2461C40042F819 /* CommonMoodBoardViewModel.swift in Sources */ = {isa = PBXBuildFile; fileRef = 945273772E2461C40042F819 /* CommonMoodBoardViewModel.swift */; };
		945273862E2461C40042F819 /* SettingsViewModel.swift in Sources */ = {isa = PBXBuildFile; fileRef = 9452737B2E2461C40042F819 /* SettingsViewModel.swift */; };
		945273892E2461C40042F819 /* MainTabViewModel.swift in Sources */ = {isa = PBXBuildFile; fileRef = 9452737A2E2461C40042F819 /* MainTabViewModel.swift */; };
		9452738A2E2461C40042F819 /* CharacterImageManagerViewModel.swift in Sources */ = {isa = PBXBuildFile; fileRef = 945273732E2461C40042F819 /* CharacterImageManagerViewModel.swift */; };
		9452738C2E2461C40042F819 /* CharacterChatViewModel.swift in Sources */ = {isa = PBXBuildFile; fileRef = 9452736F2E2461C40042F819 /* CharacterChatViewModel.swift */; };
		9452740B2E256D2C0042F819 /* Persistence.swift in Sources */ = {isa = PBXBuildFile; fileRef = 945274092E256D2C0042F819 /* Persistence.swift */; };
		9452740C2E256D2C0042F819 /* APIModels.swift in Sources */ = {isa = PBXBuildFile; fileRef = 945274072E256D2C0042F819 /* APIModels.swift */; };
		9452740D2E256D2C0042F819 /* CampaignCreateView.swift in Sources */ = {isa = PBXBuildFile; fileRef = 945274082E256D2C0042F819 /* CampaignCreateView.swift */; };
		9452740E2E256D2C0042F819 /* SwiftDataModels.swift in Sources */ = {isa = PBXBuildFile; fileRef = 9452740A2E256D2C0042F819 /* SwiftDataModels.swift */; };
		9452744D2E25B8830042F819 /* CharacterHeaderView.swift in Sources */ = {isa = PBXBuildFile; fileRef = 9452744B2E25B8830042F819 /* CharacterHeaderView.swift */; };
		9452744E2E25B8830042F819 /* SnippetContextInputModal+Subviews.swift in Sources */ = {isa = PBXBuildFile; fileRef = 9452744C2E25B8830042F819 /* SnippetContextInputModal+Subviews.swift */; };
		945ABCD22E2B941E00C4269C /* CollapsibleSectionView.swift in Sources */ = {isa = PBXBuildFile; fileRef = 945ABCD02E2B941E00C4269C /* CollapsibleSectionView.swift */; };
		945ABCD32E2B941E00C4269C /* View+NavigationBar.swift in Sources */ = {isa = PBXBuildFile; fileRef = 945ABCD12E2B941E00C4269C /* View+NavigationBar.swift */; };
		9481FD642E1C3D180084268D /* SectionBox.swift in Sources */ = {isa = PBXBuildFile; fileRef = 9481FD622E1C3D180084268D /* SectionBox.swift */; };
		9481FD662E1C3D210084268D /* Color+Hex.swift in Sources */ = {isa = PBXBuildFile; fileRef = 9481FD652E1C3D210084268D /* Color+Hex.swift */; };
		949269E92E1AC11300376F0A /* CharacterCreateView.swift in Sources */ = {isa = PBXBuildFile; fileRef = 949269E42E1AC11300376F0A /* CharacterCreateView.swift */; };
		949269EA2E1AC11300376F0A /* CampaignListView.swift in Sources */ = {isa = PBXBuildFile; fileRef = 949269E32E1AC11300376F0A /* CampaignListView.swift */; };
		949269EC2E1AC11300376F0A /* CharacterListView.swift in Sources */ = {isa = PBXBuildFile; fileRef = 949269E72E1AC11300376F0A /* CharacterListView.swift */; };
		949269ED2E1AC11300376F0A /* CharacterDetailView.swift in Sources */ = {isa = PBXBuildFile; fileRef = 949269E52E1AC11300376F0A /* CharacterDetailView.swift */; };
		949269EE2E1AC11300376F0A /* LoginView.swift in Sources */ = {isa = PBXBuildFile; fileRef = 949269E82E1AC11300376F0A /* LoginView.swift */; };
		949269EF2E1AC11300376F0A /* CharacterEditView.swift in Sources */ = {isa = PBXBuildFile; fileRef = 949269E62E1AC11300376F0A /* CharacterEditView.swift */; };
		94A5C1B52E2E3F9A00A61E63 /* NetworkMonitor.swift in Sources */ = {isa = PBXBuildFile; fileRef = 94A5C1B12E2E3F9A00A61E63 /* NetworkMonitor.swift */; };
		94A5C1B62E2E3F9A00A61E63 /* MemoryView.swift in Sources */ = {isa = PBXBuildFile; fileRef = 94A5C1B22E2E3F9A00A61E63 /* MemoryView.swift */; };
		94A5C1B72E2E3F9A00A61E63 /* MemoryViewModel.swift in Sources */ = {isa = PBXBuildFile; fileRef = 94A5C1B32E2E3F9A00A61E63 /* MemoryViewModel.swift */; };
		94A5C1B82E2E3F9A00A61E63 /* MemoriesListView.swift in Sources */ = {isa = PBXBuildFile; fileRef = 94A5C1B42E2E3F9A00A61E63 /* MemoriesListView.swift */; };
		94A5C1BE2E2E3F9A00A61E63 /* LLMModel.swift in Sources */ = {isa = PBXBuildFile; fileRef = 94A5C1B92E2E3F9A00A61E63 /* LLMModel.swift */; };
		94A5C1BF2E2E3F9A00A61E63 /* FeatureModel.swift in Sources */ = {isa = PBXBuildFile; fileRef = 94A5C1BA2E2E3F9A00A61E63 /* FeatureModel.swift */; };
		94A5C1C02E2E3F9A00A61E63 /* CharacterStatsView.swift in Sources */ = {isa = PBXBuildFile; fileRef = 94A5C1BB2E2E3F9A00A61E63 /* CharacterStatsView.swift */; };
		94A5C1C12E2E3F9A00A61E63 /* CampaignSectionView.swift in Sources */ = {isa = PBXBuildFile; fileRef = 94A5C1BC2E2E3F9A00A61E63 /* CampaignSectionView.swift */; };
		94A5C1C22E2E3F9A00A61E63 /* TOCView.swift in Sources */ = {isa = PBXBuildFile; fileRef = 94A5C1BD2E2E3F9A00A61E63 /* TOCView.swift */; };
		94D17C582E2B7CB300F6B268 /* ImageGenerationView.swift in Sources */ = {isa = PBXBuildFile; fileRef = 94D17C572E2B7CB300F6B268 /* ImageGenerationView.swift */; };
		94EC4A322E2EC349003021EB /* CampaignSectionViewModel.swift in Sources */ = {isa = PBXBuildFile; fileRef = 94EC4A2F2E2EC349003021EB /* CampaignSectionViewModel.swift */; };
		94EC4A332E2EC349003021EB /* RichTextEditorView.swift in Sources */ = {isa = PBXBuildFile; fileRef = 94EC4A302E2EC349003021EB /* RichTextEditorView.swift */; };
		94EC4A342E2EC349003021EB /* SSEManager.swift in Sources */ = {isa = PBXBuildFile; fileRef = 94EC4A312E2EC349003021EB /* SSEManager.swift */; };
		94F8C4E92E2A7F9F006B4D4E /* CampaignImageManagerView.swift in Sources */ = {isa = PBXBuildFile; fileRef = 94F8C4E82E2A7F9F006B4D4E /* CampaignImageManagerView.swift */; };
		94F8C4EB2E2A7FA1006B4D4E /* CampaignImageManagerViewModel.swift in Sources */ = {isa = PBXBuildFile; fileRef = 94F8C4EA2E2A7FA1006B4D4E /* CampaignImageManagerViewModel.swift */; };
		94F8C4ED2E2A7FA2006B4D4E /* CharacterLLMSettingsView.swift in Sources */ = {isa = PBXBuildFile; fileRef = 94F8C4EC2E2A7FA2006B4D4E /* CharacterLLMSettingsView.swift */; };
		94F8C4EF2E2A7FA3006B4D4E /* ImageManagerViewModel.swift in Sources */ = {isa = PBXBuildFile; fileRef = 94F8C4EE2E2A7FA3006B4D4E /* ImageManagerViewModel.swift */; };
		94F8C4F32E2A7FA6006B4D4E /* LLMService.swift in Sources */ = {isa = PBXBuildFile; fileRef = 94F8C4F22E2A7FA6006B4D4E /* LLMService.swift */; };
		94F8C4F52E2A7FA7006B4D4E /* ImageGenerationService.swift in Sources */ = {isa = PBXBuildFile; fileRef = 94F8C4F42E2A7FA7006B4D4E /* ImageGenerationService.swift */; };
		E0A5F2912E2E3F9A00A61E63 /* CampaignSectionEditorView.swift in Sources */ = {isa = PBXBuildFile; fileRef = E0A5F2902E2E3F9A00A61E63 /* CampaignSectionEditorView.swift */; };
		E0A5F2932E2E3F9A00A61E63 /* AddSectionView.swift in Sources */ = {isa = PBXBuildFile; fileRef = E0A5F2922E2E3F9A00A61E63 /* AddSectionView.swift */; };
/* End PBXBuildFile section */

/* Begin PBXFileReference section */
		3D92BBE12B8C8A8E00B8E8E8 /* CampaignCreatorApp.app */ = {isa = PBXFileReference; explicitFileType = wrapper.application; includeInIndex = 0; path = CampaignCreatorApp.app; sourceTree = BUILT_PRODUCTS_DIR; };
		E0A5F2902E2E3F9A00A61E63 /* CampaignSectionEditorView.swift */ = {isa = PBXFileReference; lastKnownFileType = sourcecode.swift; path = CampaignSectionEditorView.swift; sourceTree = "<group>"; };
		E0A5F2922E2E3F9A00A61E63 /* AddSectionView.swift */ = {isa = PBXFileReference; lastKnownFileType = sourcecode.swift; path = AddSectionView.swift; sourceTree = "<group>"; };
		3D92BBE42B8C8A8E00B8E8E8 /* CampaignCreatorApp.swift */ = {isa = PBXFileReference; lastKnownFileType = sourcecode.swift; path = CampaignCreatorApp.swift; sourceTree = "<group>"; };
		3D92BBE62B8C8A8E00B8E8E8 /* ContentView.swift */ = {isa = PBXFileReference; lastKnownFileType = sourcecode.swift; path = ContentView.swift; sourceTree = "<group>"; };
		3D92BBEB2B8C8A8F00B8E8E8 /* Preview Assets.xcassets */ = {isa = PBXFileReference; lastKnownFileType = folder.assetcatalog; path = "Preview Assets.xcassets"; sourceTree = "<group>"; };
		3D92BBF92B8C8D4C00B8E8E8 /* SettingsView.swift */ = {isa = PBXFileReference; lastKnownFileType = sourcecode.swift; path = SettingsView.swift; sourceTree = "<group>"; };
		9414ACC32E203A08005C0B17 /* CampaignMoodboardView.swift */ = {isa = PBXFileReference; lastKnownFileType = sourcecode.swift; path = CampaignMoodboardView.swift; sourceTree = "<group>"; };
		9414ACC42E203A08005C0B17 /* CharacterImageManagerView.swift */ = {isa = PBXFileReference; lastKnownFileType = sourcecode.swift; path = CharacterImageManagerView.swift; sourceTree = "<group>"; };
		9414ACC52E203A08005C0B17 /* CharacterMoodboardView.swift */ = {isa = PBXFileReference; lastKnownFileType = sourcecode.swift; path = CharacterMoodboardView.swift; sourceTree = "<group>"; };
		941C6F8F2E23092D00B6D6FD /* LLMModels.swift */ = {isa = PBXFileReference; lastKnownFileType = sourcecode.swift; path = LLMModels.swift; sourceTree = "<group>"; };
		941C6F902E23092D00B6D6FD /* StringUtils.swift */ = {isa = PBXFileReference; lastKnownFileType = sourcecode.swift; path = StringUtils.swift; sourceTree = "<group>"; };
		941C6F932E23094A00B6D6FD /* video2.mp4 */ = {isa = PBXFileReference; lastKnownFileType = file; path = video2.mp4; sourceTree = "<group>"; };
		941C6F942E23094A00B6D6FD /* video3.mp4 */ = {isa = PBXFileReference; lastKnownFileType = file; path = video3.mp4; sourceTree = "<group>"; };
		941C6F982E23095800B6D6FD /* video1.mp4 */ = {isa = PBXFileReference; lastKnownFileType = file; path = video1.mp4; sourceTree = "<group>"; };
		941C6F9A2E23136100B6D6FD /* contents.json */ = {isa = PBXFileReference; lastKnownFileType = text.json; path = contents.json; sourceTree = "<group>"; };
		941C6F9D2E2317F700B6D6FD /* Assets.xcassets */ = {isa = PBXFileReference; lastKnownFileType = folder.assetcatalog; path = Assets.xcassets; sourceTree = "<group>"; };
		941C6FF02E23925800B6D6FD /* CommonMoodBoardView.swift */ = {isa = PBXFileReference; lastKnownFileType = sourcecode.swift; path = CommonMoodBoardView.swift; sourceTree = "<group>"; };
		941C6FF12E23925800B6D6FD /* FullCharacterImageView.swift */ = {isa = PBXFileReference; lastKnownFileType = sourcecode.swift; path = FullCharacterImageView.swift; sourceTree = "<group>"; };
		941C6FF22E23925800B6D6FD /* FullCharacterImageViewWrapper.swift */ = {isa = PBXFileReference; lastKnownFileType = sourcecode.swift; path = FullCharacterImageViewWrapper.swift; sourceTree = "<group>"; };
		941C6FFA2E239BA200B6D6FD /* MemorySummaryView.swift */ = {isa = PBXFileReference; lastKnownFileType = sourcecode.swift; path = MemorySummaryView.swift; sourceTree = "<group>"; };
		9430317A2E1C8B1000F3C129 /* Binding+Helpers.swift */ = {isa = PBXFileReference; lastKnownFileType = sourcecode.swift; path = "Binding+Helpers.swift"; sourceTree = "<group>"; };
		9430317B2E1C8B1000F3C129 /* CampaignThemeManager.swift */ = {isa = PBXFileReference; lastKnownFileType = sourcecode.swift; path = CampaignThemeManager.swift; sourceTree = "<group>"; };
		9430317C2E1C8B1000F3C129 /* CustomTextView.swift */ = {isa = PBXFileReference; lastKnownFileType = sourcecode.swift; path = CustomTextView.swift; sourceTree = "<group>"; };
		9430317D2E1C8B1000F3C129 /* FeatureService.swift */ = {isa = PBXFileReference; lastKnownFileType = sourcecode.swift; path = FeatureService.swift; sourceTree = "<group>"; };
		9430317F2E1C8B1000F3C129 /* SnippetContextInputModal.swift */ = {isa = PBXFileReference; lastKnownFileType = sourcecode.swift; path = SnippetContextInputModal.swift; sourceTree = "<group>"; };
		943031BA2E1DCAFF00F3C129 /* CampaignDetailView.swift */ = {isa = PBXFileReference; lastKnownFileType = sourcecode.swift; path = CampaignDetailView.swift; sourceTree = "<group>"; };
		943031BC2E1DCB0600F3C129 /* CampaignEditView.swift */ = {isa = PBXFileReference; lastKnownFileType = sourcecode.swift; path = CampaignEditView.swift; sourceTree = "<group>"; };
		943031BD2E1DCB0600F3C129 /* CharacterChatView.swift */ = {isa = PBXFileReference; lastKnownFileType = sourcecode.swift; path = CharacterChatView.swift; sourceTree = "<group>"; };
		943A91FE2E1EC4C40081BA3A /* CampaignConceptEditorView.swift */ = {isa = PBXFileReference; lastKnownFileType = sourcecode.swift; path = CampaignConceptEditorView.swift; sourceTree = "<group>"; };
		943A91FF2E1EC4C40081BA3A /* CampaignHeaderView.swift */ = {isa = PBXFileReference; lastKnownFileType = sourcecode.swift; path = CampaignHeaderView.swift; sourceTree = "<group>"; };
		943A92002E1EC4C40081BA3A /* CampaignLLMSettingsView.swift */ = {isa = PBXFileReference; lastKnownFileType = sourcecode.swift; path = CampaignLLMSettingsView.swift; sourceTree = "<group>"; };
		944C2C3F2E21C32F009FDCCB /* AlertMessageItem.swift */ = {isa = PBXFileReference; lastKnownFileType = sourcecode.swift; path = AlertMessageItem.swift; sourceTree = "<group>"; };
		944C2C402E21C32F009FDCCB /* ImageUploadService.swift */ = {isa = PBXFileReference; lastKnownFileType = sourcecode.swift; path = ImageUploadService.swift; sourceTree = "<group>"; };
		944C2C412E21C32F009FDCCB /* SelectBadgeFromMoodboardView.swift */ = {isa = PBXFileReference; lastKnownFileType = sourcecode.swift; path = SelectBadgeFromMoodboardView.swift; sourceTree = "<group>"; };
		9452736E2E2461C40042F819 /* CampaignMoodboardViewModel.swift */ = {isa = PBXFileReference; lastKnownFileType = sourcecode.swift; path = CampaignMoodboardViewModel.swift; sourceTree = "<group>"; };
		9452736F2E2461C40042F819 /* CharacterChatViewModel.swift */ = {isa = PBXFileReference; lastKnownFileType = sourcecode.swift; path = CharacterChatViewModel.swift; sourceTree = "<group>"; };
		945273732E2461C40042F819 /* CharacterImageManagerViewModel.swift */ = {isa = PBXFileReference; lastKnownFileType = sourcecode.swift; path = CharacterImageManagerViewModel.swift; sourceTree = "<group>"; };
		945273752E2461C40042F819 /* CharacterMoodboardViewModel.swift */ = {isa = PBXFileReference; lastKnownFileType = sourcecode.swift; path = CharacterMoodboardViewModel.swift; sourceTree = "<group>"; };
		945273762E2461C40042F819 /* Collection+Helpers.swift */ = {isa = PBXFileReference; lastKnownFileType = sourcecode.swift; path = "Collection+Helpers.swift"; sourceTree = "<group>"; };
		945273772E2461C40042F819 /* CommonMoodBoardViewModel.swift */ = {isa = PBXFileReference; lastKnownFileType = sourcecode.swift; path = CommonMoodBoardViewModel.swift; sourceTree = "<group>"; };
		945273782E2461C40042F819 /* ContentViewModel.swift */ = {isa = PBXFileReference; lastKnownFileType = sourcecode.swift; path = ContentViewModel.swift; sourceTree = "<group>"; };
		9452737A2E2461C40042F819 /* MainTabViewModel.swift */ = {isa = PBXFileReference; lastKnownFileType = sourcecode.swift; path = MainTabViewModel.swift; sourceTree = "<group>"; };
		9452737B2E2461C40042F819 /* SettingsViewModel.swift */ = {isa = PBXFileReference; lastKnownFileType = sourcecode.swift; path = SettingsViewModel.swift; sourceTree = "<group>"; };
		945274072E256D2C0042F819 /* APIModels.swift */ = {isa = PBXFileReference; lastKnownFileType = sourcecode.swift; path = APIModels.swift; sourceTree = "<group>"; };
		945274082E256D2C0042F819 /* CampaignCreateView.swift */ = {isa = PBXFileReference; lastKnownFileType = sourcecode.swift; path = CampaignCreateView.swift; sourceTree = "<group>"; };
		945274092E256D2C0042F819 /* Persistence.swift */ = {isa = PBXFileReference; lastKnownFileType = sourcecode.swift; path = Persistence.swift; sourceTree = "<group>"; };
		9452740A2E256D2C0042F819 /* SwiftDataModels.swift */ = {isa = PBXFileReference; lastKnownFileType = sourcecode.swift; path = SwiftDataModels.swift; sourceTree = "<group>"; };
		9452744B2E25B8830042F819 /* CharacterHeaderView.swift */ = {isa = PBXFileReference; lastKnownFileType = sourcecode.swift; path = CharacterHeaderView.swift; sourceTree = "<group>"; };
		9452744C2E25B8830042F819 /* SnippetContextInputModal+Subviews.swift */ = {isa = PBXFileReference; lastKnownFileType = sourcecode.swift; path = "SnippetContextInputModal+Subviews.swift"; sourceTree = "<group>"; };
		945ABCD02E2B941E00C4269C /* CollapsibleSectionView.swift */ = {isa = PBXFileReference; lastKnownFileType = sourcecode.swift; path = CollapsibleSectionView.swift; sourceTree = "<group>"; };
		945ABCD12E2B941E00C4269C /* View+NavigationBar.swift */ = {isa = PBXFileReference; lastKnownFileType = sourcecode.swift; path = "View+NavigationBar.swift"; sourceTree = "<group>"; };
		9481FD622E1C3D180084268D /* SectionBox.swift */ = {isa = PBXFileReference; lastKnownFileType = sourcecode.swift; path = SectionBox.swift; sourceTree = "<group>"; };
		9481FD652E1C3D210084268D /* Color+Hex.swift */ = {isa = PBXFileReference; lastKnownFileType = sourcecode.swift; path = "Color+Hex.swift"; sourceTree = "<group>"; };
		949269E32E1AC11300376F0A /* CampaignListView.swift */ = {isa = PBXFileReference; lastKnownFileType = sourcecode.swift; path = CampaignListView.swift; sourceTree = "<group>"; };
		949269E42E1AC11300376F0A /* CharacterCreateView.swift */ = {isa = PBXFileReference; lastKnownFileType = sourcecode.swift; path = CharacterCreateView.swift; sourceTree = "<group>"; };
		949269E52E1AC11300376F0A /* CharacterDetailView.swift */ = {isa = PBXFileReference; lastKnownFileType = sourcecode.swift; path = CharacterDetailView.swift; sourceTree = "<group>"; };
		949269E62E1AC11300376F0A /* CharacterEditView.swift */ = {isa = PBXFileReference; lastKnownFileType = sourcecode.swift; path = CharacterEditView.swift; sourceTree = "<group>"; };
		949269E72E1AC11300376F0A /* CharacterListView.swift */ = {isa = PBXFileReference; lastKnownFileType = sourcecode.swift; path = CharacterListView.swift; sourceTree = "<group>"; };
		949269E82E1AC11300376F0A /* LoginView.swift */ = {isa = PBXFileReference; lastKnownFileType = sourcecode.swift; path = LoginView.swift; sourceTree = "<group>"; };
		94A5C1B12E2E3F9A00A61E63 /* NetworkMonitor.swift */ = {isa = PBXFileReference; lastKnownFileType = sourcecode.swift; path = NetworkMonitor.swift; sourceTree = "<group>"; };
		94A5C1B22E2E3F9A00A61E63 /* MemoryView.swift */ = {isa = PBXFileReference; lastKnownFileType = sourcecode.swift; path = MemoryView.swift; sourceTree = "<group>"; };
		94A5C1B32E2E3F9A00A61E63 /* MemoryViewModel.swift */ = {isa = PBXFileReference; lastKnownFileType = sourcecode.swift; path = MemoryViewModel.swift; sourceTree = "<group>"; };
		94A5C1B42E2E3F9A00A61E63 /* MemoriesListView.swift */ = {isa = PBXFileReference; lastKnownFileType = sourcecode.swift; path = MemoriesListView.swift; sourceTree = "<group>"; };
		94A5C1B92E2E3F9A00A61E63 /* LLMModel.swift */ = {isa = PBXFileReference; lastKnownFileType = sourcecode.swift; path = LLMModel.swift; sourceTree = "<group>"; };
		94A5C1BA2E2E3F9A00A61E63 /* FeatureModel.swift */ = {isa = PBXFileReference; lastKnownFileType = sourcecode.swift; path = FeatureModel.swift; sourceTree = "<group>"; };
		94A5C1BB2E2E3F9A00A61E63 /* CharacterStatsView.swift */ = {isa = PBXFileReference; lastKnownFileType = sourcecode.swift; path = CharacterStatsView.swift; sourceTree = "<group>"; };
		94A5C1BC2E2E3F9A00A61E63 /* CampaignSectionView.swift */ = {isa = PBXFileReference; lastKnownFileType = sourcecode.swift; path = CampaignSectionView.swift; sourceTree = "<group>"; };
		94A5C1BD2E2E3F9A00A61E63 /* TOCView.swift */ = {isa = PBXFileReference; lastKnownFileType = sourcecode.swift; path = TOCView.swift; sourceTree = "<group>"; };
		94D17C572E2B7CB300F6B268 /* ImageGenerationView.swift */ = {isa = PBXFileReference; lastKnownFileType = sourcecode.swift; path = ImageGenerationView.swift; sourceTree = "<group>"; };
		94EC4A2F2E2EC349003021EB /* CampaignSectionViewModel.swift */ = {isa = PBXFileReference; lastKnownFileType = sourcecode.swift; path = CampaignSectionViewModel.swift; sourceTree = "<group>"; };
		94EC4A302E2EC349003021EB /* RichTextEditorView.swift */ = {isa = PBXFileReference; lastKnownFileType = sourcecode.swift; path = RichTextEditorView.swift; sourceTree = "<group>"; };
		94EC4A312E2EC349003021EB /* SSEManager.swift */ = {isa = PBXFileReference; lastKnownFileType = sourcecode.swift; path = SSEManager.swift; sourceTree = "<group>"; };
		94F8C4E82E2A7F9F006B4D4E /* CampaignImageManagerView.swift */ = {isa = PBXFileReference; lastKnownFileType = sourcecode.swift; path = CampaignImageManagerView.swift; sourceTree = "<group>"; };
		94F8C4EA2E2A7FA1006B4D4E /* CampaignImageManagerViewModel.swift */ = {isa = PBXFileReference; lastKnownFileType = sourcecode.swift; path = CampaignImageManagerViewModel.swift; sourceTree = "<group>"; };
		94F8C4EC2E2A7FA2006B4D4E /* CharacterLLMSettingsView.swift */ = {isa = PBXFileReference; lastKnownFileType = sourcecode.swift; path = CharacterLLMSettingsView.swift; sourceTree = "<group>"; };
		94F8C4EE2E2A7FA3006B4D4E /* ImageManagerViewModel.swift */ = {isa = PBXFileReference; lastKnownFileType = sourcecode.swift; path = ImageManagerViewModel.swift; sourceTree = "<group>"; };
		94F8C4F22E2A7FA6006B4D4E /* LLMService.swift */ = {isa = PBXFileReference; lastKnownFileType = sourcecode.swift; path = LLMService.swift; sourceTree = "<group>"; };
		94F8C4F42E2A7FA7006B4D4E /* ImageGenerationService.swift */ = {isa = PBXFileReference; lastKnownFileType = sourcecode.swift; path = ImageGenerationService.swift; sourceTree = "<group>"; };
/* End PBXFileReference section */

/* Begin PBXFrameworksBuildPhase section */
		3D92BBDE2B8C8A8E00B8E8E8 /* Frameworks */ = {
			isa = PBXFrameworksBuildPhase;
			buildActionMask = 2147483647;
			files = (
				944C2C472E21C345009FDCCB /* Kingfisher in Frameworks */,
				3D92BBF42B8C8B0200B8E8E8 /* CampaignCreatorLib in Frameworks */,
			);
			runOnlyForDeploymentPostprocessing = 0;
		};
/* End PBXFrameworksBuildPhase section */

/* Begin PBXGroup section */
		3D92BBD82B8C8A8E00B8E8E8 = {
			isa = PBXGroup;
			children = (
				3D92BBE32B8C8A8E00B8E8E8 /* CampaignCreatorApp */,
				3D92BBE22B8C8A8E00B8E8E8 /* Products */,
			);
			sourceTree = "<group>";
		};
		3D92BBE22B8C8A8E00B8E8E8 /* Products */ = {
			isa = PBXGroup;
			children = (
				3D92BBE12B8C8A8E00B8E8E8 /* CampaignCreatorApp.app */,
			);
			name = Products;
			sourceTree = "<group>";
		};
		3D92BBE32B8C8A8E00B8E8E8 /* CampaignCreatorApp */ = {
			isa = PBXGroup;
			children = (
				94EC4A2F2E2EC349003021EB /* CampaignSectionViewModel.swift */,
				94EC4A302E2EC349003021EB /* RichTextEditorView.swift */,
				94EC4A312E2EC349003021EB /* SSEManager.swift */,
				945ABCD02E2B941E00C4269C /* CollapsibleSectionView.swift */,
				945ABCD12E2B941E00C4269C /* View+NavigationBar.swift */,
				94D17C572E2B7CB300F6B268 /* ImageGenerationView.swift */,
				94F8C4F22E2A7FA6006B4D4E /* LLMService.swift */,
				94F8C4F42E2A7FA7006B4D4E /* ImageGenerationService.swift */,
				94F8C4EE2E2A7FA3006B4D4E /* ImageManagerViewModel.swift */,
				94F8C4EC2E2A7FA2006B4D4E /* CharacterLLMSettingsView.swift */,
				94F8C4EA2E2A7FA1006B4D4E /* CampaignImageManagerViewModel.swift */,
				94F8C4E82E2A7F9F006B4D4E /* CampaignImageManagerView.swift */,
				9452744B2E25B8830042F819 /* CharacterHeaderView.swift */,
				9452744C2E25B8830042F819 /* SnippetContextInputModal+Subviews.swift */,
				945274072E256D2C0042F819 /* APIModels.swift */,
				945274082E256D2C0042F819 /* CampaignCreateView.swift */,
				945274092E256D2C0042F819 /* Persistence.swift */,
				9452740A2E256D2C0042F819 /* SwiftDataModels.swift */,
				941C6FFA2E239BA200B6D6FD /* MemorySummaryView.swift */,
				9452736E2E2461C40042F819 /* CampaignMoodboardViewModel.swift */,
				9452736F2E2461C40042F819 /* CharacterChatViewModel.swift */,
				945273732E2461C40042F819 /* CharacterImageManagerViewModel.swift */,
				945273752E2461C40042F819 /* CharacterMoodboardViewModel.swift */,
				945273762E2461C40042F819 /* Collection+Helpers.swift */,
				945273772E2461C40042F819 /* CommonMoodBoardViewModel.swift */,
				945273782E2461C40042F819 /* ContentViewModel.swift */,
				9452737A2E2461C40042F819 /* MainTabViewModel.swift */,
				9452737B2E2461C40042F819 /* SettingsViewModel.swift */,
				941C6FF02E23925800B6D6FD /* CommonMoodBoardView.swift */,
				941C6FF12E23925800B6D6FD /* FullCharacterImageView.swift */,
				941C6FF22E23925800B6D6FD /* FullCharacterImageViewWrapper.swift */,
				941C6F952E23094A00B6D6FD /* video */,
				941C6F8F2E23092D00B6D6FD /* LLMModels.swift */,
				941C6F902E23092D00B6D6FD /* StringUtils.swift */,
				944C2C3F2E21C32F009FDCCB /* AlertMessageItem.swift */,
				944C2C402E21C32F009FDCCB /* ImageUploadService.swift */,
				944C2C412E21C32F009FDCCB /* SelectBadgeFromMoodboardView.swift */,
				9414ACC32E203A08005C0B17 /* CampaignMoodboardView.swift */,
				9414ACC42E203A08005C0B17 /* CharacterImageManagerView.swift */,
				9414ACC52E203A08005C0B17 /* CharacterMoodboardView.swift */,
				943A91FE2E1EC4C40081BA3A /* CampaignConceptEditorView.swift */,
				943A91FF2E1EC4C40081BA3A /* CampaignHeaderView.swift */,
				943A92002E1EC4C40081BA3A /* CampaignLLMSettingsView.swift */,
				943031BC2E1DCB0600F3C129 /* CampaignEditView.swift */,
				943031BD2E1DCB0600F3C129 /* CharacterChatView.swift */,
				943031BA2E1DCAFF00F3C129 /* CampaignDetailView.swift */,
				9430317A2E1C8B1000F3C129 /* Binding+Helpers.swift */,
				9430317B2E1C8B1000F3C129 /* CampaignThemeManager.swift */,
				9430317C2E1C8B1000F3C129 /* CustomTextView.swift */,
				9430317D2E1C8B1000F3C129 /* FeatureService.swift */,
				9430317F2E1C8B1000F3C129 /* SnippetContextInputModal.swift */,
				9481FD652E1C3D210084268D /* Color+Hex.swift */,
				9481FD622E1C3D180084268D /* SectionBox.swift */,
				949269E32E1AC11300376F0A /* CampaignListView.swift */,
				949269E42E1AC11300376F0A /* CharacterCreateView.swift */,
				949269E52E1AC11300376F0A /* CharacterDetailView.swift */,
				949269E62E1AC11300376F0A /* CharacterEditView.swift */,
				941C6F9D2E2317F700B6D6FD /* Assets.xcassets */,
				949269E72E1AC11300376F0A /* CharacterListView.swift */,
				949269E82E1AC11300376F0A /* LoginView.swift */,
				3D92BBE42B8C8A8E00B8E8E8 /* CampaignCreatorApp.swift */,
				3D92BBE62B8C8A8E00B8E8E8 /* ContentView.swift */,
				3D92BBF92B8C8D4C00B8E8E8 /* SettingsView.swift */,
				941C6F9A2E23136100B6D6FD /* contents.json */,
				3D92BBEA2B8C8A8F00B8E8E8 /* Preview Content */,
				94A5C1B12E2E3F9A00A61E63 /* NetworkMonitor.swift */,
				94A5C1B22E2E3F9A00A61E63 /* MemoryView.swift */,
				94A5C1B32E2E3F9A00A61E63 /* MemoryViewModel.swift */,
				94A5C1B42E2E3F9A00A61E63 /* MemoriesListView.swift */,
				94A5C1B92E2E3F9A00A61E63 /* LLMModel.swift */,
				94A5C1BA2E2E3F9A00A61E63 /* FeatureModel.swift */,
				94A5C1BB2E2E3F9A00A61E63 /* CharacterStatsView.swift */,
				94A5C1BC2E2E3F9A00A61E63 /* CampaignSectionView.swift */,
				94A5C1BD2E2E3F9A00A61E63 /* TOCView.swift */,
				E0A5F2902E2E3F9A00A61E63 /* CampaignSectionEditorView.swift */,
				E0A5F2922E2E3F9A00A61E63 /* AddSectionView.swift */,
			);
			path = CampaignCreatorApp;
			sourceTree = "<group>";
		};
		3D92BBEA2B8C8A8F00B8E8E8 /* Preview Content */ = {
			isa = PBXGroup;
			children = (
				3D92BBEB2B8C8A8F00B8E8E8 /* Preview Assets.xcassets */,
			);
			path = "Preview Content";
			sourceTree = "<group>";
		};
		941C6F952E23094A00B6D6FD /* video */ = {
			isa = PBXGroup;
			children = (
				941C6F932E23094A00B6D6FD /* video2.mp4 */,
				941C6F942E23094A00B6D6FD /* video3.mp4 */,
				941C6F982E23095800B6D6FD /* video1.mp4 */,
			);
			path = video;
			sourceTree = "<group>";
		};
/* End PBXGroup section */

/* Begin PBXNativeTarget section */
		3D92BBE02B8C8A8E00B8E8E8 /* CampaignCreatorApp */ = {
			isa = PBXNativeTarget;
			buildConfigurationList = 3D92BBEF2B8C8A8F00B8E8E8 /* Build configuration list for PBXNativeTarget "CampaignCreatorApp" */;
			buildPhases = (
				3D92BBDD2B8C8A8E00B8E8E8 /* Sources */,
				3D92BBDE2B8C8A8E00B8E8E8 /* Frameworks */,
				3D92BBDF2B8C8A8E00B8E8E8 /* Resources */,
			);
			buildRules = (
			);
			dependencies = (
			);
			name = CampaignCreatorApp;
			packageProductDependencies = (
				3D92BBF32B8C8B0200B8E8E8 /* CampaignCreatorLib */,
				944C2C462E21C345009FDCCB /* Kingfisher */,
			);
			productName = CampaignCreatorApp;
			productReference = 3D92BBE12B8C8A8E00B8E8E8 /* CampaignCreatorApp.app */;
			productType = "com.apple.product-type.application";
		};
/* End PBXNativeTarget section */

/* Begin PBXProject section */
		3D92BBD92B8C8A8E00B8E8E8 /* Project object */ = {
			isa = PBXProject;
			attributes = {
				BuildIndependentTargetsInParallel = 1;
				LastSwiftUpdateCheck = 1520;
				LastUpgradeCheck = 1520;
				TargetAttributes = {
					3D92BBE02B8C8A8E00B8E8E8 = {
						CreatedOnToolsVersion = 15.2;
					};
				};
			};
			buildConfigurationList = 3D92BBDC2B8C8A8E00B8E8E8 /* Build configuration list for PBXProject "CampaignCreatorApp" */;
			compatibilityVersion = "Xcode 15.0";
			developmentRegion = en;
			hasScannedForEncodings = 0;
			knownRegions = (
				en,
				Base,
			);
			mainGroup = 3D92BBD82B8C8A8E00B8E8E8;
			packageReferences = (
				3D92BBF22B8C8B0200B8E8E8 /* XCLocalSwiftPackageReference "../CampaignCreatorSwift" */,
				944C2C452E21C345009FDCCB /* XCRemoteSwiftPackageReference "Kingfisher" */,
			);
			productRefGroup = 3D92BBE22B8C8A8E00B8E8E8 /* Products */;
			projectDirPath = "";
			projectRoot = "";
			targets = (
				3D92BBE02B8C8A8E00B8E8E8 /* CampaignCreatorApp */,
			);
		};
/* End PBXProject section */

/* Begin PBXResourcesBuildPhase section */
		3D92BBDF2B8C8A8E00B8E8E8 /* Resources */ = {
			isa = PBXResourcesBuildPhase;
			buildActionMask = 2147483647;
			files = (
				941C6F9E2E2317F700B6D6FD /* Assets.xcassets in Resources */,
				941C6F992E23095800B6D6FD /* video1.mp4 in Resources */,
				3D92BBEC2B8C8A8F00B8E8E8 /* Preview Assets.xcassets in Resources */,
				941C6F9B2E23136100B6D6FD /* contents.json in Resources */,
				941C6F962E23094A00B6D6FD /* video2.mp4 in Resources */,
				941C6F972E23094A00B6D6FD /* video3.mp4 in Resources */,
			);
			runOnlyForDeploymentPostprocessing = 0;
		};
/* End PBXResourcesBuildPhase section */

/* Begin PBXSourcesBuildPhase section */
		3D92BBDD2B8C8A8E00B8E8E8 /* Sources */ = {
			isa = PBXSourcesBuildPhase;
			buildActionMask = 2147483647;
			files = (
				94F8C4F32E2A7FA6006B4D4E /* LLMService.swift in Sources */,
				94EC4A322E2EC349003021EB /* CampaignSectionViewModel.swift in Sources */,
				94EC4A332E2EC349003021EB /* RichTextEditorView.swift in Sources */,
				94EC4A342E2EC349003021EB /* SSEManager.swift in Sources */,
				94F8C4F52E2A7FA7006B4D4E /* ImageGenerationService.swift in Sources */,
				94F8C4EF2E2A7FA3006B4D4E /* ImageManagerViewModel.swift in Sources */,
				94F8C4ED2E2A7FA2006B4D4E /* CharacterLLMSettingsView.swift in Sources */,
				94F8C4EB2E2A7FA1006B4D4E /* CampaignImageManagerViewModel.swift in Sources */,
				94F8C4E92E2A7F9F006B4D4E /* CampaignImageManagerView.swift in Sources */,
				943031BE2E1DCB0600F3C129 /* CharacterChatView.swift in Sources */,
				943031BF2E1DCB0600F3C129 /* CampaignEditView.swift in Sources */,
				9481FD662E1C3D210084268D /* Color+Hex.swift in Sources */,
				949269E92E1AC11300376F0A /* CharacterCreateView.swift in Sources */,
				941C6FFB2E239BA200B6D6FD /* MemorySummaryView.swift in Sources */,
				941C6F912E23092D00B6D6FD /* LLMModels.swift in Sources */,
				941C6F922E23092D00B6D6FD /* StringUtils.swift in Sources */,
				949269EA2E1AC11300376F0A /* CampaignListView.swift in Sources */,
				949269EC2E1AC11300376F0A /* CharacterListView.swift in Sources */,
				9414ACC62E203A08005C0B17 /* CharacterMoodboardView.swift in Sources */,
				941C6FF32E23925800B6D6FD /* CommonMoodBoardView.swift in Sources */,
				941C6FF42E23925800B6D6FD /* FullCharacterImageView.swift in Sources */,
				941C6FF52E23925800B6D6FD /* FullCharacterImageViewWrapper.swift in Sources */,
				9414ACC72E203A08005C0B17 /* CampaignMoodboardView.swift in Sources */,
				9414ACC82E203A08005C0B17 /* CharacterImageManagerView.swift in Sources */,
				9452740B2E256D2C0042F819 /* Persistence.swift in Sources */,
				9452740C2E256D2C0042F819 /* APIModels.swift in Sources */,
				9452740D2E256D2C0042F819 /* CampaignCreateView.swift in Sources */,
				94D17C582E2B7CB300F6B268 /* ImageGenerationView.swift in Sources */,
				9452740E2E256D2C0042F819 /* SwiftDataModels.swift in Sources */,
				9452744D2E25B8830042F819 /* CharacterHeaderView.swift in Sources */,
				9452744E2E25B8830042F819 /* SnippetContextInputModal+Subviews.swift in Sources */,
				943031BB2E1DCAFF00F3C129 /* CampaignDetailView.swift in Sources */,
				949269ED2E1AC11300376F0A /* CharacterDetailView.swift in Sources */,
				949269EE2E1AC11300376F0A /* LoginView.swift in Sources */,
				945ABCD22E2B941E00C4269C /* CollapsibleSectionView.swift in Sources */,
				945ABCD32E2B941E00C4269C /* View+NavigationBar.swift in Sources */,
				949269EF2E1AC11300376F0A /* CharacterEditView.swift in Sources */,
				9452737C2E2461C40042F819 /* Collection+Helpers.swift in Sources */,
				9452737D2E2461C40042F819 /* CharacterMoodboardViewModel.swift in Sources */,
				945273802E2461C40042F819 /* ContentViewModel.swift in Sources */,
				945273812E2461C40042F819 /* CampaignMoodboardViewModel.swift in Sources */,
				945273842E2461C40042F819 /* CommonMoodBoardViewModel.swift in Sources */,
				945273862E2461C40042F819 /* SettingsViewModel.swift in Sources */,
				945273892E2461C40042F819 /* MainTabViewModel.swift in Sources */,
				9452738A2E2461C40042F819 /* CharacterImageManagerViewModel.swift in Sources */,
				9452738C2E2461C40042F819 /* CharacterChatViewModel.swift in Sources */,
				3D92BBFA2B8C8D4C00B8E8E8 /* SettingsView.swift in Sources */,
				944C2C422E21C32F009FDCCB /* SelectBadgeFromMoodboardView.swift in Sources */,
				944C2C432E21C32F009FDCCB /* AlertMessageItem.swift in Sources */,
				944C2C442E21C32F009FDCCB /* ImageUploadService.swift in Sources */,
				3D92BBE72B8C8A8E00B8E8E8 /* ContentView.swift in Sources */,
				3D92BBE52B8C8A8E00B8E8E8 /* CampaignCreatorApp.swift in Sources */,
				9481FD642E1C3D180084268D /* SectionBox.swift in Sources */,
				943031812E1C8B1000F3C129 /* Binding+Helpers.swift in Sources */,
				943031822E1C8B1000F3C129 /* CampaignThemeManager.swift in Sources */,
				943031832E1C8B1000F3C129 /* CustomTextView.swift in Sources */,
				943A92012E1EC4C40081BA3A /* CampaignLLMSettingsView.swift in Sources */,
				943A92022E1EC4C40081BA3A /* CampaignHeaderView.swift in Sources */,
				943A92032E1EC4C40081BA3A /* CampaignConceptEditorView.swift in Sources */,
				943031842E1C8B1000F3C129 /* FeatureService.swift in Sources */,
				943031852E1C8B1000F3C129 /* SnippetContextInputModal.swift in Sources */,
				94A5C1B52E2E3F9A00A61E63 /* NetworkMonitor.swift in Sources */,
				94A5C1B62E2E3F9A00A61E63 /* MemoryView.swift in Sources */,
				94A5C1B72E2E3F9A00A61E63 /* MemoryViewModel.swift in Sources */,
				94A5C1B82E2E3F9A00A61E63 /* MemoriesListView.swift in Sources */,
				94A5C1BE2E2E3F9A00A61E63 /* LLMModel.swift in Sources */,
				94A5C1BF2E2E3F9A00A61E63 /* FeatureModel.swift in Sources */,
				94A5C1C02E2E3F9A00A61E63 /* CharacterStatsView.swift in Sources */,
				94A5C1C12E2E3F9A00A61E63 /* CampaignSectionView.swift in Sources */,
				94A5C1C22E2E3F9A00A61E63 /* TOCView.swift in Sources */,
				E0A5F2912E2E3F9A00A61E63 /* CampaignSectionEditorView.swift in Sources */,
				E0A5F2932E2E3F9A00A61E63 /* AddSectionView.swift in Sources */,
			);
			runOnlyForDeploymentPostprocessing = 0;
		};
/* End PBXSourcesBuildPhase section */

/* Begin XCBuildConfiguration section */
		3D92BBED2B8C8A8F00B8E8E8 /* Debug */ = {
			isa = XCBuildConfiguration;
			buildSettings = {
				ALWAYS_SEARCH_USER_PATHS = NO;
				ASSETCATALOG_COMPILER_GENERATE_SWIFT_ASSET_SYMBOL_EXTENSIONS = YES;
				CLANG_ANALYZER_NONNULL = YES;
				CLANG_ANALYZER_NUMBER_OBJECT_CONVERSION = YES_AGGRESSIVE;
				CLANG_CXX_LANGUAGE_STANDARD = "gnu++20";
				CLANG_ENABLE_MODULES = YES;
				CLANG_ENABLE_OBJC_ARC = YES;
				CLANG_ENABLE_OBJC_WEAK = YES;
				CLANG_WARN_BLOCK_CAPTURE_AUTORELEASING = YES;
				CLANG_WARN_BOOL_CONVERSION = YES;
				CLANG_WARN_COMMA = YES;
				CLANG_WARN_CONSTANT_CONVERSION = YES;
				CLANG_WARN_DEPRECATED_OBJC_IMPLEMENTATIONS = YES;
				CLANG_WARN_DIRECT_OBJC_ISA_USAGE = YES_ERROR;
				CLANG_WARN_DOCUMENTATION_COMMENTS = YES;
				CLANG_WARN_EMPTY_BODY = YES;
				CLANG_WARN_ENUM_CONVERSION = YES;
				CLANG_WARN_INFINITE_RECURSION = YES;
				CLANG_WARN_INT_CONVERSION = YES;
				CLANG_WARN_NON_LITERAL_NULL_CONVERSION = YES;
				CLANG_WARN_OBJC_IMPLICIT_RETAIN_SELF = YES;
				CLANG_WARN_OBJC_LITERAL_CONVERSION = YES;
				CLANG_WARN_OBJC_ROOT_CLASS = YES_ERROR;
				CLANG_WARN_QUOTED_INCLUDE_IN_FRAMEWORK_HEADER = YES;
				CLANG_WARN_RANGE_LOOP_ANALYSIS = YES;
				CLANG_WARN_STRICT_PROTOTYPES = YES;
				CLANG_WARN_SUSPICIOUS_MOVE = YES;
				CLANG_WARN_UNGUARDED_AVAILABILITY = YES_AGGRESSIVE;
				CLANG_WARN_UNREACHABLE_CODE = YES;
				CLANG_WARN__DUPLICATE_METHOD_MATCH = YES;
				COPY_PHASE_STRIP = NO;
				DEBUG_INFORMATION_FORMAT = dwarf;
				ENABLE_STRICT_OBJC_MSGSEND = YES;
				ENABLE_TESTABILITY = YES;
				ENABLE_USER_SCRIPT_SANDBOXING = YES;
				GCC_C_LANGUAGE_STANDARD = gnu17;
				GCC_DYNAMIC_NO_PIC = NO;
				GCC_NO_COMMON_BLOCKS = YES;
				GCC_OPTIMIZATION_LEVEL = 0;
				GCC_PREPROCESSOR_DEFINITIONS = (
					"DEBUG=1",
					"$(inherited)",
				);
				GCC_WARN_64_TO_32_BIT_CONVERSION = YES;
				GCC_WARN_ABOUT_RETURN_TYPE = YES_ERROR;
				GCC_WARN_UNDECLARED_SELECTOR = YES;
				GCC_WARN_UNINITIALIZED_AUTOS = YES_AGGRESSIVE;
				GCC_WARN_UNUSED_FUNCTION = YES;
				GCC_WARN_UNUSED_VARIABLE = YES;
				IPHONEOS_DEPLOYMENT_TARGET = 15.0;
				LOCALIZATION_PREFERS_STRING_CATALOGS = YES;
				MTL_ENABLE_DEBUG_INFO = INCLUDE_SOURCE;
				MTL_FAST_MATH = YES;
				ONLY_ACTIVE_ARCH = YES;
				SDKROOT = iphoneos;
				SWIFT_ACTIVE_COMPILATION_CONDITIONS = "DEBUG $(inherited)";
				SWIFT_OPTIMIZATION_LEVEL = "-Onone";
			};
			name = Debug;
		};
		3D92BBEE2B8C8A8F00B8E8E8 /* Release */ = {
			isa = XCBuildConfiguration;
			buildSettings = {
				ALWAYS_SEARCH_USER_PATHS = NO;
				ASSETCATALOG_COMPILER_GENERATE_SWIFT_ASSET_SYMBOL_EXTENSIONS = YES;
				CLANG_ANALYZER_NONNULL = YES;
				CLANG_ANALYZER_NUMBER_OBJECT_CONVERSION = YES_AGGRESSIVE;
				CLANG_CXX_LANGUAGE_STANDARD = "gnu++20";
				CLANG_ENABLE_MODULES = YES;
				CLANG_ENABLE_OBJC_ARC = YES;
				CLANG_ENABLE_OBJC_WEAK = YES;
				CLANG_WARN_BLOCK_CAPTURE_AUTORELEASING = YES;
				CLANG_WARN_BOOL_CONVERSION = YES;
				CLANG_WARN_COMMA = YES;
				CLANG_WARN_CONSTANT_CONVERSION = YES;
				CLANG_WARN_DEPRECATED_OBJC_IMPLEMENTATIONS = YES;
				CLANG_WARN_DIRECT_OBJC_ISA_USAGE = YES_ERROR;
				CLANG_WARN_DOCUMENTATION_COMMENTS = YES;
				CLANG_WARN_EMPTY_BODY = YES;
				CLANG_WARN_ENUM_CONVERSION = YES;
				CLANG_WARN_INFINITE_RECURSION = YES;
				CLANG_WARN_INT_CONVERSION = YES;
				CLANG_WARN_NON_LITERAL_NULL_CONVERSION = YES;
				CLANG_WARN_OBJC_IMPLICIT_RETAIN_SELF = YES;
				CLANG_WARN_OBJC_LITERAL_CONVERSION = YES;
				CLANG_WARN_OBJC_ROOT_CLASS = YES_ERROR;
				CLANG_WARN_QUOTED_INCLUDE_IN_FRAMEWORK_HEADER = YES;
				CLANG_WARN_RANGE_LOOP_ANALYSIS = YES;
				CLANG_WARN_STRICT_PROTOTYPES = YES;
				CLANG_WARN_UNGUARDED_AVAILABILITY = YES_AGGRESSIVE;
				CLANG_WARN_UNREACHABLE_CODE = YES;
				CLANG_WARN__DUPLICATE_METHOD_MATCH = YES;
				COPY_PHASE_STRIP = NO;
				DEBUG_INFORMATION_FORMAT = "dwarf-with-dsym";
				ENABLE_NS_ASSERTIONS = NO;
				ENABLE_STRICT_OBJC_MSGSEND = YES;
				ENABLE_USER_SCRIPT_SANDBOXING = YES;
				GCC_C_LANGUAGE_STANDARD = gnu17;
				GCC_NO_COMMON_BLOCKS = YES;
				GCC_WARN_64_TO_32_BIT_CONVERSION = YES;
				GCC_WARN_ABOUT_RETURN_TYPE = YES_ERROR;
				GCC_WARN_UNDECLARED_SELECTOR = YES;
				GCC_WARN_UNINITIALIZED_AUTOS = YES_AGGRESSIVE;
				GCC_WARN_UNUSED_FUNCTION = YES;
				GCC_WARN_UNUSED_VARIABLE = YES;
				IPHONEOS_DEPLOYMENT_TARGET = 15.0;
				LOCALIZATION_PREFERS_STRING_CATALOGS = YES;
				MTL_ENABLE_DEBUG_INFO = NO;
				MTL_FAST_MATH = YES;
				SDKROOT = iphoneos;
				SWIFT_COMPILATION_MODE = wholemodule;
				VALIDATE_PRODUCT = YES;
			};
			name = Release;
		};
		3D92BBF02B8C8A8F00B8E8E8 /* Debug */ = {
			isa = XCBuildConfiguration;
			buildSettings = {
				ASSETCATALOG_COMPILER_APPICON_NAME = AppIcon;
				ASSETCATALOG_COMPILER_GLOBAL_ACCENT_COLOR_NAME = AccentColor;
				CODE_SIGN_STYLE = Automatic;
				CURRENT_PROJECT_VERSION = 1;
				DEVELOPMENT_ASSET_PATHS = "\"CampaignCreatorApp/Preview Content\"";
				DEVELOPMENT_TEAM = 7KKBC86UX7;
				ENABLE_PREVIEWS = YES;
				GENERATE_INFOPLIST_FILE = YES;
				INFOPLIST_KEY_CFBundleDisplayName = "Campaign Creator";
				INFOPLIST_KEY_UIApplicationSceneManifest_Generation = YES;
				INFOPLIST_KEY_UIApplicationSupportsIndirectInputEvents = YES;
				INFOPLIST_KEY_UILaunchScreen_Generation = YES;
				INFOPLIST_KEY_UISupportedInterfaceOrientations_iPad = "UIInterfaceOrientationPortrait UIInterfaceOrientationPortraitUpsideDown UIInterfaceOrientationLandscapeLeft UIInterfaceOrientationLandscapeRight";
				INFOPLIST_KEY_UISupportedInterfaceOrientations_iPhone = "UIInterfaceOrientationPortrait UIInterfaceOrientationLandscapeLeft UIInterfaceOrientationLandscapeRight";
				IPHONEOS_DEPLOYMENT_TARGET = 17.6;
				LD_RUNPATH_SEARCH_PATHS = (
					"$(inherited)",
					"@executable_path/Frameworks",
				);
				MARKETING_VERSION = 1.0;
				PRODUCT_BUNDLE_IDENTIFIER = com.campaigncreator.app;
				PRODUCT_NAME = "$(TARGET_NAME)";
				SWIFT_EMIT_LOC_STRINGS = YES;
				SWIFT_VERSION = 5.0;
				TARGETED_DEVICE_FAMILY = "1,2";
			};
			name = Debug;
		};
		3D92BBF12B8C8A8F00B8E8E8 /* Release */ = {
			isa = XCBuildConfiguration;
			buildSettings = {
				ASSETCATALOG_COMPILER_APPICON_NAME = AppIcon;
				ASSETCATALOG_COMPILER_GLOBAL_ACCENT_COLOR_NAME = AccentColor;
				CODE_SIGN_STYLE = Automatic;
				CURRENT_PROJECT_VERSION = 1;
				DEVELOPMENT_ASSET_PATHS = "\"CampaignCreatorApp/Preview Content\"";
				DEVELOPMENT_TEAM = 7KKBC86UX7;
				ENABLE_PREVIEWS = YES;
				GENERATE_INFOPLIST_FILE = YES;
				INFOPLIST_KEY_CFBundleDisplayName = "Campaign Creator";
				INFOPLIST_KEY_UIApplicationSceneManifest_Generation = YES;
				INFOPLIST_KEY_UIApplicationSupportsIndirectInputEvents = YES;
				INFOPLIST_KEY_UILaunchScreen_Generation = YES;
				INFOPLIST_KEY_UISupportedInterfaceOrientations_iPad = "UIInterfaceOrientationPortrait UIInterfaceOrientationPortraitUpsideDown UIInterfaceOrientationLandscapeLeft UIInterfaceOrientationLandscapeRight";
				INFOPLIST_KEY_UISupportedInterfaceOrientations_iPhone = "UIInterfaceOrientationPortrait UIInterfaceOrientationLandscapeLeft UIInterfaceOrientationLandscapeRight";
				IPHONEOS_DEPLOYMENT_TARGET = 17.6;
				LD_RUNPATH_SEARCH_PATHS = (
					"$(inherited)",
					"@executable_path/Frameworks",
				);
				MARKETING_VERSION = 1.0;
				PRODUCT_BUNDLE_IDENTIFIER = com.campaigncreator.app;
				PRODUCT_NAME = "$(TARGET_NAME)";
				SWIFT_EMIT_LOC_STRINGS = YES;
				SWIFT_VERSION = 5.0;
				TARGETED_DEVICE_FAMILY = "1,2";
			};
			name = Release;
		};
/* End XCBuildConfiguration section */

/* Begin XCConfigurationList section */
		3D92BBDC2B8C8A8E00B8E8E8 /* Build configuration list for PBXProject "CampaignCreatorApp" */ = {
			isa = XCConfigurationList;
			buildConfigurations = (
				3D92BBED2B8C8A8F00B8E8E8 /* Debug */,
				3D92BBEE2B8C8A8F00B8E8E8 /* Release */,
			);
			defaultConfigurationIsVisible = 0;
			defaultConfigurationName = Release;
		};
		3D92BBEF2B8C8A8F00B8E8E8 /* Build configuration list for PBXNativeTarget "CampaignCreatorApp" */ = {
			isa = XCConfigurationList;
			buildConfigurations = (
				3D92BBF02B8C8A8F00B8E8E8 /* Debug */,
				3D92BBF12B8C8A8F00B8E8E8 /* Release */,
			);
			defaultConfigurationIsVisible = 0;
			defaultConfigurationName = Release;
		};
/* End XCConfigurationList section */

/* Begin XCLocalSwiftPackageReference section */
		3D92BBF22B8C8B0200B8E8E8 /* XCLocalSwiftPackageReference "../CampaignCreatorSwift" */ = {
			isa = XCLocalSwiftPackageReference;
			relativePath = ../CampaignCreatorSwift;
		};
/* End XCLocalSwiftPackageReference section */

/* Begin XCRemoteSwiftPackageReference section */
		944C2C452E21C345009FDCCB /* XCRemoteSwiftPackageReference "Kingfisher" */ = {
			isa = XCRemoteSwiftPackageReference;
			repositoryURL = "https://github.com/onevcat/Kingfisher.git";
			requirement = {
				kind = upToNextMajorVersion;
				minimumVersion = 8.4.0;
			};
		};
/* End XCRemoteSwiftPackageReference section */

/* Begin XCSwiftPackageProductDependency section */
		3D92BBF32B8C8B0200B8E8E8 /* CampaignCreatorLib */ = {
			isa = XCSwiftPackageProductDependency;
			package = 3D92BBF22B8C8B0200B8E8E8 /* XCLocalSwiftPackageReference "../CampaignCreatorSwift" */;
			productName = CampaignCreatorLib;
		};
		944C2C462E21C345009FDCCB /* Kingfisher */ = {
			isa = XCSwiftPackageProductDependency;
			package = 944C2C452E21C345009FDCCB /* XCRemoteSwiftPackageReference "Kingfisher" */;
			productName = Kingfisher;
		};
/* End XCSwiftPackageProductDependency section */
	};
	rootObject = 3D92BBD92B8C8A8E00B8E8E8 /* Project object */;
}
