// !$*UTF8*$!
{
	archiveVersion = 1;
	classes = {
	};
	objectVersion = 60;
	objects = {

/* Begin PBXBuildFile section */
		3D92BBE52B8C8A8E00B8E8E8 /* CampaignCreatorApp.swift in Sources */ = {isa = PBXBuildFile; fileRef = 3D92BBE42B8C8A8E00B8E8E8 /* CampaignCreatorApp.swift */; };
		3D92BBE72B8C8A8E00B8E8E8 /* ContentView.swift in Sources */ = {isa = PBXBuildFile; fileRef = 3D92BBE62B8C8A8E00B8E8E8 /* ContentView.swift */; };
		3D92BBE92B8C8A8F00B8E8E8 /* Assets.xcassets in Resources */ = {isa = PBXBuildFile; fileRef = 3D92BBE82B8C8A8F00B8E8E8 /* Assets.xcassets */; };
		3D92BBEC2B8C8A8F00B8E8E8 /* Preview Assets.xcassets in Resources */ = {isa = PBXBuildFile; fileRef = 3D92BBEB2B8C8A8F00B8E8E8 /* Preview Assets.xcassets */; };
		3D92BBF42B8C8B0200B8E8E8 /* CampaignCreatorLib in Frameworks */ = {isa = PBXBuildFile; productRef = 3D92BBF32B8C8B0200B8E8E8 /* CampaignCreatorLib */; };
		3D92BBFA2B8C8D4C00B8E8E8 /* SettingsView.swift in Sources */ = {isa = PBXBuildFile; fileRef = 3D92BBF92B8C8D4C00B8E8E8 /* SettingsView.swift */; };
		943031802E1C8B1000F3C129 /* KeychainHelper.swift in Sources */ = {isa = PBXBuildFile; fileRef = 9430317E2E1C8B1000F3C129 /* KeychainHelper.swift */; };
		943031812E1C8B1000F3C129 /* Binding+Helpers.swift in Sources */ = {isa = PBXBuildFile; fileRef = 9430317A2E1C8B1000F3C129 /* Binding+Helpers.swift */; };
		943031822E1C8B1000F3C129 /* CampaignThemeManager.swift in Sources */ = {isa = PBXBuildFile; fileRef = 9430317B2E1C8B1000F3C129 /* CampaignThemeManager.swift */; };
		943031832E1C8B1000F3C129 /* CustomTextView.swift in Sources */ = {isa = PBXBuildFile; fileRef = 9430317C2E1C8B1000F3C129 /* CustomTextView.swift */; };
		943031842E1C8B1000F3C129 /* FeatureService.swift in Sources */ = {isa = PBXBuildFile; fileRef = 9430317D2E1C8B1000F3C129 /* FeatureService.swift */; };
		943031852E1C8B1000F3C129 /* SnippetContextInputModal.swift in Sources */ = {isa = PBXBuildFile; fileRef = 9430317F2E1C8B1000F3C129 /* SnippetContextInputModal.swift */; };
		943031BB2E1DCAFF00F3C129 /* CampaignDetailView.swift in Sources */ = {isa = PBXBuildFile; fileRef = 943031BA2E1DCAFF00F3C129 /* CampaignDetailView.swift */; };
		943031BE2E1DCB0600F3C129 /* CharacterChatView.swift in Sources */ = {isa = PBXBuildFile; fileRef = 943031BD2E1DCB0600F3C129 /* CharacterChatView.swift */; };
		943031BF2E1DCB0600F3C129 /* CampaignEditView.swift in Sources */ = {isa = PBXBuildFile; fileRef = 943031BC2E1DCB0600F3C129 /* CampaignEditView.swift */; };
		9481FD642E1C3D180084268D /* SectionBox.swift in Sources */ = {isa = PBXBuildFile; fileRef = 9481FD622E1C3D180084268D /* SectionBox.swift */; };
		9481FD662E1C3D210084268D /* Color+Hex.swift in Sources */ = {isa = PBXBuildFile; fileRef = 9481FD652E1C3D210084268D /* Color+Hex.swift */; };
		949269E92E1AC11300376F0A /* CharacterCreateView.swift in Sources */ = {isa = PBXBuildFile; fileRef = 949269E42E1AC11300376F0A /* CharacterCreateView.swift */; };
		949269EA2E1AC11300376F0A /* CampaignListView.swift in Sources */ = {isa = PBXBuildFile; fileRef = 949269E32E1AC11300376F0A /* CampaignListView.swift */; };
		949269EC2E1AC11300376F0A /* CharacterListView.swift in Sources */ = {isa = PBXBuildFile; fileRef = 949269E72E1AC11300376F0A /* CharacterListView.swift */; };
		949269ED2E1AC11300376F0A /* CharacterDetailView.swift in Sources */ = {isa = PBXBuildFile; fileRef = 949269E52E1AC11300376F0A /* CharacterDetailView.swift */; };
		949269EE2E1AC11300376F0A /* LoginView.swift in Sources */ = {isa = PBXBuildFile; fileRef = 949269E82E1AC11300376F0A /* LoginView.swift */; };
		949269EF2E1AC11300376F0A /* CharacterEditView.swift in Sources */ = {isa = PBXBuildFile; fileRef = 949269E62E1AC11300376F0A /* CharacterEditView.swift */; };
/* End PBXBuildFile section */

/* Begin PBXFileReference section */
		3D92BBE12B8C8A8E00B8E8E8 /* CampaignCreatorApp.app */ = {isa = PBXFileReference; explicitFileType = wrapper.application; includeInIndex = 0; path = CampaignCreatorApp.app; sourceTree = BUILT_PRODUCTS_DIR; };
		3D92BBE42B8C8A8E00B8E8E8 /* CampaignCreatorApp.swift */ = {isa = PBXFileReference; lastKnownFileType = sourcecode.swift; path = CampaignCreatorApp.swift; sourceTree = "<group>"; };
		3D92BBE62B8C8A8E00B8E8E8 /* ContentView.swift */ = {isa = PBXFileReference; lastKnownFileType = sourcecode.swift; path = ContentView.swift; sourceTree = "<group>"; };
		3D92BBE82B8C8A8F00B8E8E8 /* Assets.xcassets */ = {isa = PBXFileReference; lastKnownFileType = folder.assetcatalog; path = Assets.xcassets; sourceTree = "<group>"; };
		3D92BBEB2B8C8A8F00B8E8E8 /* Preview Assets.xcassets */ = {isa = PBXFileReference; lastKnownFileType = folder.assetcatalog; path = "Preview Assets.xcassets"; sourceTree = "<group>"; };
		3D92BBF92B8C8D4C00B8E8E8 /* SettingsView.swift */ = {isa = PBXFileReference; lastKnownFileType = sourcecode.swift; path = SettingsView.swift; sourceTree = "<group>"; };
		9430317A2E1C8B1000F3C129 /* Binding+Helpers.swift */ = {isa = PBXFileReference; lastKnownFileType = sourcecode.swift; path = "Binding+Helpers.swift"; sourceTree = "<group>"; };
		9430317B2E1C8B1000F3C129 /* CampaignThemeManager.swift */ = {isa = PBXFileReference; lastKnownFileType = sourcecode.swift; path = CampaignThemeManager.swift; sourceTree = "<group>"; };
		9430317C2E1C8B1000F3C129 /* CustomTextView.swift */ = {isa = PBXFileReference; lastKnownFileType = sourcecode.swift; path = CustomTextView.swift; sourceTree = "<group>"; };
		9430317D2E1C8B1000F3C129 /* FeatureService.swift */ = {isa = PBXFileReference; lastKnownFileType = sourcecode.swift; path = FeatureService.swift; sourceTree = "<group>"; };
		9430317E2E1C8B1000F3C129 /* KeychainHelper.swift */ = {isa = PBXFileReference; lastKnownFileType = sourcecode.swift; path = KeychainHelper.swift; sourceTree = "<group>"; };
		9430317F2E1C8B1000F3C129 /* SnippetContextInputModal.swift */ = {isa = PBXFileReference; lastKnownFileType = sourcecode.swift; path = SnippetContextInputModal.swift; sourceTree = "<group>"; };
		943031BA2E1DCAFF00F3C129 /* CampaignDetailView.swift */ = {isa = PBXFileReference; lastKnownFileType = sourcecode.swift; path = CampaignDetailView.swift; sourceTree = "<group>"; };
		943031BC2E1DCB0600F3C129 /* CampaignEditView.swift */ = {isa = PBXFileReference; lastKnownFileType = sourcecode.swift; path = CampaignEditView.swift; sourceTree = "<group>"; };
		943031BD2E1DCB0600F3C129 /* CharacterChatView.swift */ = {isa = PBXFileReference; lastKnownFileType = sourcecode.swift; path = CharacterChatView.swift; sourceTree = "<group>"; };
		9481FD622E1C3D180084268D /* SectionBox.swift */ = {isa = PBXFileReference; lastKnownFileType = sourcecode.swift; path = SectionBox.swift; sourceTree = "<group>"; };
		9481FD652E1C3D210084268D /* Color+Hex.swift */ = {isa = PBXFileReference; lastKnownFileType = sourcecode.swift; path = "Color+Hex.swift"; sourceTree = "<group>"; };
		949269E32E1AC11300376F0A /* CampaignListView.swift */ = {isa = PBXFileReference; lastKnownFileType = sourcecode.swift; path = CampaignListView.swift; sourceTree = "<group>"; };
		949269E42E1AC11300376F0A /* CharacterCreateView.swift */ = {isa = PBXFileReference; lastKnownFileType = sourcecode.swift; path = CharacterCreateView.swift; sourceTree = "<group>"; };
		949269E52E1AC11300376F0A /* CharacterDetailView.swift */ = {isa = PBXFileReference; lastKnownFileType = sourcecode.swift; path = CharacterDetailView.swift; sourceTree = "<group>"; };
		949269E62E1AC11300376F0A /* CharacterEditView.swift */ = {isa = PBXFileReference; lastKnownFileType = sourcecode.swift; path = CharacterEditView.swift; sourceTree = "<group>"; };
		949269E72E1AC11300376F0A /* CharacterListView.swift */ = {isa = PBXFileReference; lastKnownFileType = sourcecode.swift; path = CharacterListView.swift; sourceTree = "<group>"; };
		949269E82E1AC11300376F0A /* LoginView.swift */ = {isa = PBXFileReference; lastKnownFileType = sourcecode.swift; path = LoginView.swift; sourceTree = "<group>"; };
/* End PBXFileReference section */

/* Begin PBXFrameworksBuildPhase section */
		3D92BBDE2B8C8A8E00B8E8E8 /* Frameworks */ = {
			isa = PBXFrameworksBuildPhase;
			buildActionMask = 2147483647;
			files = (
				3D92BBF42B8C8B0200B8E8E8 /* CampaignCreatorLib in Frameworks */,
			);
			runOnlyForDeploymentPostprocessing = 0;
		};
/* End PBXFrameworksBuildPhase section */

/* Begin PBXGroup section */
		3D92BBD82B8C8A8E00B8E8E8 = {
			isa = PBXGroup;
			children = (
				3D92BBE32B8C8A8E00B8E8E8 /* CampaignCreatorApp */,
				3D92BBE22B8C8A8E00B8E8E8 /* Products */,
			);
			sourceTree = "<group>";
		};
		3D92BBE22B8C8A8E00B8E8E8 /* Products */ = {
			isa = PBXGroup;
			children = (
				3D92BBE12B8C8A8E00B8E8E8 /* CampaignCreatorApp.app */,
			);
			name = Products;
			sourceTree = "<group>";
		};
		3D92BBE32B8C8A8E00B8E8E8 /* CampaignCreatorApp */ = {
			isa = PBXGroup;
			children = (
				943031BC2E1DCB0600F3C129 /* CampaignEditView.swift */,
				943031BD2E1DCB0600F3C129 /* CharacterChatView.swift */,
				943031BA2E1DCAFF00F3C129 /* CampaignDetailView.swift */,
				9430317A2E1C8B1000F3C129 /* Binding+Helpers.swift */,
				9430317B2E1C8B1000F3C129 /* CampaignThemeManager.swift */,
				9430317C2E1C8B1000F3C129 /* CustomTextView.swift */,
				9430317D2E1C8B1000F3C129 /* FeatureService.swift */,
				9430317E2E1C8B1000F3C129 /* KeychainHelper.swift */,
				9430317F2E1C8B1000F3C129 /* SnippetContextInputModal.swift */,
				9481FD652E1C3D210084268D /* Color+Hex.swift */,
				9481FD622E1C3D180084268D /* SectionBox.swift */,
				949269E32E1AC11300376F0A /* CampaignListView.swift */,
				949269E42E1AC11300376F0A /* CharacterCreateView.swift */,
				949269E52E1AC11300376F0A /* CharacterDetailView.swift */,
				949269E62E1AC11300376F0A /* CharacterEditView.swift */,
				949269E72E1AC11300376F0A /* CharacterListView.swift */,
				949269E82E1AC11300376F0A /* LoginView.swift */,
				3D92BBE42B8C8A8E00B8E8E8 /* CampaignCreatorApp.swift */,
				3D92BBE62B8C8A8E00B8E8E8 /* ContentView.swift */,
				3D92BBF92B8C8D4C00B8E8E8 /* SettingsView.swift */,
				3D92BBE82B8C8A8F00B8E8E8 /* Assets.xcassets */,
				3D92BBEA2B8C8A8F00B8E8E8 /* Preview Content */,
			);
			path = CampaignCreatorApp;
			sourceTree = "<group>";
		};
		3D92BBEA2B8C8A8F00B8E8E8 /* Preview Content */ = {
			isa = PBXGroup;
			children = (
				3D92BBEB2B8C8A8F00B8E8E8 /* Preview Assets.xcassets */,
			);
			path = "Preview Content";
			sourceTree = "<group>";
		};
/* End PBXGroup section */

/* Begin PBXNativeTarget section */
		3D92BBE02B8C8A8E00B8E8E8 /* CampaignCreatorApp */ = {
			isa = PBXNativeTarget;
			buildConfigurationList = 3D92BBEF2B8C8A8F00B8E8E8 /* Build configuration list for PBXNativeTarget "CampaignCreatorApp" */;
			buildPhases = (
				3D92BBDD2B8C8A8E00B8E8E8 /* Sources */,
				3D92BBDE2B8C8A8E00B8E8E8 /* Frameworks */,
				3D92BBDF2B8C8A8E00B8E8E8 /* Resources */,
			);
			buildRules = (
			);
			dependencies = (
			);
			name = CampaignCreatorApp;
			packageProductDependencies = (
				3D92BBF32B8C8B0200B8E8E8 /* CampaignCreatorLib */,
			);
			productName = CampaignCreatorApp;
			productReference = 3D92BBE12B8C8A8E00B8E8E8 /* CampaignCreatorApp.app */;
			productType = "com.apple.product-type.application";
		};
/* End PBXNativeTarget section */

/* Begin PBXProject section */
		3D92BBD92B8C8A8E00B8E8E8 /* Project object */ = {
			isa = PBXProject;
			attributes = {
				BuildIndependentTargetsInParallel = 1;
				LastSwiftUpdateCheck = 1520;
				LastUpgradeCheck = 1520;
				TargetAttributes = {
					3D92BBE02B8C8A8E00B8E8E8 = {
						CreatedOnToolsVersion = 15.2;
					};
				};
			};
			buildConfigurationList = 3D92BBDC2B8C8A8E00B8E8E8 /* Build configuration list for PBXProject "CampaignCreatorApp" */;
			compatibilityVersion = "Xcode 15.0";
			developmentRegion = en;
			hasScannedForEncodings = 0;
			knownRegions = (
				en,
				Base,
			);
			mainGroup = 3D92BBD82B8C8A8E00B8E8E8;
			packageReferences = (
				3D92BBF22B8C8B0200B8E8E8 /* XCLocalSwiftPackageReference "../CampaignCreatorSwift" */,
			);
			productRefGroup = 3D92BBE22B8C8A8E00B8E8E8 /* Products */;
			projectDirPath = "";
			projectRoot = "";
			targets = (
				3D92BBE02B8C8A8E00B8E8E8 /* CampaignCreatorApp */,
			);
		};
/* End PBXProject section */

/* Begin PBXResourcesBuildPhase section */
		3D92BBDF2B8C8A8E00B8E8E8 /* Resources */ = {
			isa = PBXResourcesBuildPhase;
			buildActionMask = 2147483647;
			files = (
				3D92BBEC2B8C8A8F00B8E8E8 /* Preview Assets.xcassets in Resources */,
				3D92BBE92B8C8A8F00B8E8E8 /* Assets.xcassets in Resources */,
			);
			runOnlyForDeploymentPostprocessing = 0;
		};
/* End PBXResourcesBuildPhase section */

/* Begin PBXSourcesBuildPhase section */
		3D92BBDD2B8C8A8E00B8E8E8 /* Sources */ = {
			isa = PBXSourcesBuildPhase;
			buildActionMask = 2147483647;
			files = (
				943031BE2E1DCB0600F3C129 /* CharacterChatView.swift in Sources */,
				943031BF2E1DCB0600F3C129 /* CampaignEditView.swift in Sources */,
				9481FD662E1C3D210084268D /* Color+Hex.swift in Sources */,
				949269E92E1AC11300376F0A /* CharacterCreateView.swift in Sources */,
				949269EA2E1AC11300376F0A /* CampaignListView.swift in Sources */,
				949269EC2E1AC11300376F0A /* CharacterListView.swift in Sources */,
				943031BB2E1DCAFF00F3C129 /* CampaignDetailView.swift in Sources */,
				949269ED2E1AC11300376F0A /* CharacterDetailView.swift in Sources */,
				949269EE2E1AC11300376F0A /* LoginView.swift in Sources */,
				949269EF2E1AC11300376F0A /* CharacterEditView.swift in Sources */,
				3D92BBFA2B8C8D4C00B8E8E8 /* SettingsView.swift in Sources */,
				3D92BBE72B8C8A8E00B8E8E8 /* ContentView.swift in Sources */,
				3D92BBE52B8C8A8E00B8E8E8 /* CampaignCreatorApp.swift in Sources */,
				9481FD642E1C3D180084268D /* SectionBox.swift in Sources */,
				943031802E1C8B1000F3C129 /* KeychainHelper.swift in Sources */,
				943031812E1C8B1000F3C129 /* Binding+Helpers.swift in Sources */,
				943031822E1C8B1000F3C129 /* CampaignThemeManager.swift in Sources */,
				943031832E1C8B1000F3C129 /* CustomTextView.swift in Sources */,
				943031842E1C8B1000F3C129 /* FeatureService.swift in Sources */,
				943031852E1C8B1000F3C129 /* SnippetContextInputModal.swift in Sources */,
			);
			runOnlyForDeploymentPostprocessing = 0;
		};
/* End PBXSourcesBuildPhase section */

/* Begin XCBuildConfiguration section */
		3D92BBED2B8C8A8F00B8E8E8 /* Debug */ = {
			isa = XCBuildConfiguration;
			buildSettings = {
				ALWAYS_SEARCH_USER_PATHS = NO;
				ASSETCATALOG_COMPILER_GENERATE_SWIFT_ASSET_SYMBOL_EXTENSIONS = YES;
				CLANG_ANALYZER_NONNULL = YES;
				CLANG_ANALYZER_NUMBER_OBJECT_CONVERSION = YES_AGGRESSIVE;
				CLANG_CXX_LANGUAGE_STANDARD = "gnu++20";
				CLANG_ENABLE_MODULES = YES;
				CLANG_ENABLE_OBJC_ARC = YES;
				CLANG_ENABLE_OBJC_WEAK = YES;
				CLANG_WARN_BLOCK_CAPTURE_AUTORELEASING = YES;
				CLANG_WARN_BOOL_CONVERSION = YES;
				CLANG_WARN_COMMA = YES;
				CLANG_WARN_CONSTANT_CONVERSION = YES;
				CLANG_WARN_DEPRECATED_OBJC_IMPLEMENTATIONS = YES;
				CLANG_WARN_DIRECT_OBJC_ISA_USAGE = YES_ERROR;
				CLANG_WARN_DOCUMENTATION_COMMENTS = YES;
				CLANG_WARN_EMPTY_BODY = YES;
				CLANG_WARN_ENUM_CONVERSION = YES;
				CLANG_WARN_INFINITE_RECURSION = YES;
				CLANG_WARN_INT_CONVERSION = YES;
				CLANG_WARN_NON_LITERAL_NULL_CONVERSION = YES;
				CLANG_WARN_OBJC_IMPLICIT_RETAIN_SELF = YES;
				CLANG_WARN_OBJC_LITERAL_CONVERSION = YES;
				CLANG_WARN_OBJC_ROOT_CLASS = YES_ERROR;
				CLANG_WARN_QUOTED_INCLUDE_IN_FRAMEWORK_HEADER = YES;
				CLANG_WARN_RANGE_LOOP_ANALYSIS = YES;
				CLANG_WARN_STRICT_PROTOTYPES = YES;
				CLANG_WARN_SUSPICIOUS_MOVE = YES;
				CLANG_WARN_UNGUARDED_AVAILABILITY = YES_AGGRESSIVE;
				CLANG_WARN_UNREACHABLE_CODE = YES;
				CLANG_WARN__DUPLICATE_METHOD_MATCH = YES;
				COPY_PHASE_STRIP = NO;
				DEBUG_INFORMATION_FORMAT = dwarf;
				ENABLE_STRICT_OBJC_MSGSEND = YES;
				ENABLE_TESTABILITY = YES;
				ENABLE_USER_SCRIPT_SANDBOXING = YES;
				GCC_C_LANGUAGE_STANDARD = gnu17;
				GCC_DYNAMIC_NO_PIC = NO;
				GCC_NO_COMMON_BLOCKS = YES;
				GCC_OPTIMIZATION_LEVEL = 0;
				GCC_PREPROCESSOR_DEFINITIONS = (
					"DEBUG=1",
					"$(inherited)",
				);
				GCC_WARN_64_TO_32_BIT_CONVERSION = YES;
				GCC_WARN_ABOUT_RETURN_TYPE = YES_ERROR;
				GCC_WARN_UNDECLARED_SELECTOR = YES;
				GCC_WARN_UNINITIALIZED_AUTOS = YES_AGGRESSIVE;
				GCC_WARN_UNUSED_FUNCTION = YES;
				GCC_WARN_UNUSED_VARIABLE = YES;
				IPHONEOS_DEPLOYMENT_TARGET = 15.0;
				LOCALIZATION_PREFERS_STRING_CATALOGS = YES;
				MTL_ENABLE_DEBUG_INFO = INCLUDE_SOURCE;
				MTL_FAST_MATH = YES;
				ONLY_ACTIVE_ARCH = YES;
				SDKROOT = iphoneos;
				SWIFT_ACTIVE_COMPILATION_CONDITIONS = "DEBUG $(inherited)";
				SWIFT_OPTIMIZATION_LEVEL = "-Onone";
			};
			name = Debug;
		};
		3D92BBEE2B8C8A8F00B8E8E8 /* Release */ = {
			isa = XCBuildConfiguration;
			buildSettings = {
				ALWAYS_SEARCH_USER_PATHS = NO;
				ASSETCATALOG_COMPILER_GENERATE_SWIFT_ASSET_SYMBOL_EXTENSIONS = YES;
				CLANG_ANALYZER_NONNULL = YES;
				CLANG_ANALYZER_NUMBER_OBJECT_CONVERSION = YES_AGGRESSIVE;
				CLANG_CXX_LANGUAGE_STANDARD = "gnu++20";
				CLANG_ENABLE_MODULES = YES;
				CLANG_ENABLE_OBJC_ARC = YES;
				CLANG_ENABLE_OBJC_WEAK = YES;
				CLANG_WARN_BLOCK_CAPTURE_AUTORELEASING = YES;
				CLANG_WARN_BOOL_CONVERSION = YES;
				CLANG_WARN_COMMA = YES;
				CLANG_WARN_CONSTANT_CONVERSION = YES;
				CLANG_WARN_DEPRECATED_OBJC_IMPLEMENTATIONS = YES;
				CLANG_WARN_DIRECT_OBJC_ISA_USAGE = YES_ERROR;
				CLANG_WARN_DOCUMENTATION_COMMENTS = YES;
				CLANG_WARN_EMPTY_BODY = YES;
				CLANG_WARN_ENUM_CONVERSION = YES;
				CLANG_WARN_INFINITE_RECURSION = YES;
				CLANG_WARN_INT_CONVERSION = YES;
				CLANG_WARN_NON_LITERAL_NULL_CONVERSION = YES;
				CLANG_WARN_OBJC_IMPLICIT_RETAIN_SELF = YES;
				CLANG_WARN_OBJC_LITERAL_CONVERSION = YES;
				CLANG_WARN_OBJC_ROOT_CLASS = YES_ERROR;
				CLANG_WARN_QUOTED_INCLUDE_IN_FRAMEWORK_HEADER = YES;
				CLANG_WARN_RANGE_LOOP_ANALYSIS = YES;
				CLANG_WARN_STRICT_PROTOTYPES = YES;
				CLANG_WARN_UNGUARDED_AVAILABILITY = YES_AGGRESSIVE;
				CLANG_WARN_UNREACHABLE_CODE = YES;
				CLANG_WARN__DUPLICATE_METHOD_MATCH = YES;
				COPY_PHASE_STRIP = NO;
				DEBUG_INFORMATION_FORMAT = "dwarf-with-dsym";
				ENABLE_NS_ASSERTIONS = NO;
				ENABLE_STRICT_OBJC_MSGSEND = YES;
				ENABLE_USER_SCRIPT_SANDBOXING = YES;
				GCC_C_LANGUAGE_STANDARD = gnu17;
				GCC_NO_COMMON_BLOCKS = YES;
				GCC_WARN_64_TO_32_BIT_CONVERSION = YES;
				GCC_WARN_ABOUT_RETURN_TYPE = YES_ERROR;
				GCC_WARN_UNDECLARED_SELECTOR = YES;
				GCC_WARN_UNINITIALIZED_AUTOS = YES_AGGRESSIVE;
				GCC_WARN_UNUSED_FUNCTION = YES;
				GCC_WARN_UNUSED_VARIABLE = YES;
				IPHONEOS_DEPLOYMENT_TARGET = 15.0;
				LOCALIZATION_PREFERS_STRING_CATALOGS = YES;
				MTL_ENABLE_DEBUG_INFO = NO;
				MTL_FAST_MATH = YES;
				SDKROOT = iphoneos;
				SWIFT_COMPILATION_MODE = wholemodule;
				VALIDATE_PRODUCT = YES;
			};
			name = Release;
		};
		3D92BBF02B8C8A8F00B8E8E8 /* Debug */ = {
			isa = XCBuildConfiguration;
			buildSettings = {
				ASSETCATALOG_COMPILER_APPICON_NAME = AppIcon;
				ASSETCATALOG_COMPILER_GLOBAL_ACCENT_COLOR_NAME = AccentColor;
				CODE_SIGN_STYLE = Automatic;
				CURRENT_PROJECT_VERSION = 1;
				DEVELOPMENT_ASSET_PATHS = "\"CampaignCreatorApp/Preview Content\"";
				DEVELOPMENT_TEAM = 7KKBC86UX7;
				ENABLE_PREVIEWS = YES;
				GENERATE_INFOPLIST_FILE = YES;
				INFOPLIST_KEY_CFBundleDisplayName = "Campaign Creator";
				INFOPLIST_KEY_UIApplicationSceneManifest_Generation = YES;
				INFOPLIST_KEY_UIApplicationSupportsIndirectInputEvents = YES;
				INFOPLIST_KEY_UILaunchScreen_Generation = YES;
				INFOPLIST_KEY_UISupportedInterfaceOrientations_iPad = "UIInterfaceOrientationPortrait UIInterfaceOrientationPortraitUpsideDown UIInterfaceOrientationLandscapeLeft UIInterfaceOrientationLandscapeRight";
				INFOPLIST_KEY_UISupportedInterfaceOrientations_iPhone = "UIInterfaceOrientationPortrait UIInterfaceOrientationLandscapeLeft UIInterfaceOrientationLandscapeRight";
				IPHONEOS_DEPLOYMENT_TARGET = 16.6;
				LD_RUNPATH_SEARCH_PATHS = (
					"$(inherited)",
					"@executable_path/Frameworks",
				);
				MARKETING_VERSION = 1.0;
				PRODUCT_BUNDLE_IDENTIFIER = com.campaigncreator.app;
				PRODUCT_NAME = "$(TARGET_NAME)";
				SWIFT_EMIT_LOC_STRINGS = YES;
				SWIFT_VERSION = 5.0;
				TARGETED_DEVICE_FAMILY = "1,2";
			};
			name = Debug;
		};
		3D92BBF12B8C8A8F00B8E8E8 /* Release */ = {
			isa = XCBuildConfiguration;
			buildSettings = {
				ASSETCATALOG_COMPILER_APPICON_NAME = AppIcon;
				ASSETCATALOG_COMPILER_GLOBAL_ACCENT_COLOR_NAME = AccentColor;
				CODE_SIGN_STYLE = Automatic;
				CURRENT_PROJECT_VERSION = 1;
				DEVELOPMENT_ASSET_PATHS = "\"CampaignCreatorApp/Preview Content\"";
				DEVELOPMENT_TEAM = 7KKBC86UX7;
				ENABLE_PREVIEWS = YES;
				GENERATE_INFOPLIST_FILE = YES;
				INFOPLIST_KEY_CFBundleDisplayName = "Campaign Creator";
				INFOPLIST_KEY_UIApplicationSceneManifest_Generation = YES;
				INFOPLIST_KEY_UIApplicationSupportsIndirectInputEvents = YES;
				INFOPLIST_KEY_UILaunchScreen_Generation = YES;
				INFOPLIST_KEY_UISupportedInterfaceOrientations_iPad = "UIInterfaceOrientationPortrait UIInterfaceOrientationPortraitUpsideDown UIInterfaceOrientationLandscapeLeft UIInterfaceOrientationLandscapeRight";
				INFOPLIST_KEY_UISupportedInterfaceOrientations_iPhone = "UIInterfaceOrientationPortrait UIInterfaceOrientationLandscapeLeft UIInterfaceOrientationLandscapeRight";
				IPHONEOS_DEPLOYMENT_TARGET = 16.6;
				LD_RUNPATH_SEARCH_PATHS = (
					"$(inherited)",
					"@executable_path/Frameworks",
				);
				MARKETING_VERSION = 1.0;
				PRODUCT_BUNDLE_IDENTIFIER = com.campaigncreator.app;
				PRODUCT_NAME = "$(TARGET_NAME)";
				SWIFT_EMIT_LOC_STRINGS = YES;
				SWIFT_VERSION = 5.0;
				TARGETED_DEVICE_FAMILY = "1,2";
			};
			name = Release;
		};
/* End XCBuildConfiguration section */

/* Begin XCConfigurationList section */
		3D92BBDC2B8C8A8E00B8E8E8 /* Build configuration list for PBXProject "CampaignCreatorApp" */ = {
			isa = XCConfigurationList;
			buildConfigurations = (
				3D92BBED2B8C8A8F00B8E8E8 /* Debug */,
				3D92BBEE2B8C8A8F00B8E8E8 /* Release */,
			);
			defaultConfigurationIsVisible = 0;
			defaultConfigurationName = Release;
		};
		3D92BBEF2B8C8A8F00B8E8E8 /* Build configuration list for PBXNativeTarget "CampaignCreatorApp" */ = {
			isa = XCConfigurationList;
			buildConfigurations = (
				3D92BBF02B8C8A8F00B8E8E8 /* Debug */,
				3D92BBF12B8C8A8F00B8E8E8 /* Release */,
			);
			defaultConfigurationIsVisible = 0;
			defaultConfigurationName = Release;
		};
/* End XCConfigurationList section */

/* Begin XCLocalSwiftPackageReference section */
		3D92BBF22B8C8B0200B8E8E8 /* XCLocalSwiftPackageReference "../CampaignCreatorSwift" */ = {
			isa = XCLocalSwiftPackageReference;
			relativePath = ../CampaignCreatorSwift;
		};
/* End XCLocalSwiftPackageReference section */

/* Begin XCSwiftPackageProductDependency section */
		3D92BBF32B8C8B0200B8E8E8 /* CampaignCreatorLib */ = {
			isa = XCSwiftPackageProductDependency;
			package = 3D92BBF22B8C8B0200B8E8E8 /* XCLocalSwiftPackageReference "../CampaignCreatorSwift" */;
			productName = CampaignCreatorLib;
		};
/* End XCSwiftPackageProductDependency section */
	};
	rootObject = 3D92BBD92B8C8A8E00B8E8E8 /* Project object */;
}
